// !$*UTF8*$!
{
	archiveVersion = 1;
	classes = {
	};
	objectVersion = 46;
	objects = {

/* Begin PBXBuildFile section */
		5BA755DF1F8F318000D007D7 /* AppDelegate.swift in Sources */ = {isa = PBXBuildFile; fileRef = 5BA755DE1F8F318000D007D7 /* AppDelegate.swift */; };
		5BA755E11F8F318000D007D7 /* ViewController.swift in Sources */ = {isa = PBXBuildFile; fileRef = 5BA755E01F8F318000D007D7 /* ViewController.swift */; };
		5BA755E41F8F318000D007D7 /* Main.storyboard in Resources */ = {isa = PBXBuildFile; fileRef = 5BA755E21F8F318000D007D7 /* Main.storyboard */; };
		5BA755E61F8F318000D007D7 /* Assets.xcassets in Resources */ = {isa = PBXBuildFile; fileRef = 5BA755E51F8F318000D007D7 /* Assets.xcassets */; };
		5BA755E91F8F318000D007D7 /* LaunchScreen.storyboard in Resources */ = {isa = PBXBuildFile; fileRef = 5BA755E71F8F318000D007D7 /* LaunchScreen.storyboard */; };
		5BA755F31F8F31B500D007D7 /* board.png in Resources */ = {isa = PBXBuildFile; fileRef = 5BA755F01F8F31B500D007D7 /* board.png */; };
		5BA755F41F8F31B500D007D7 /* cross.png in Resources */ = {isa = PBXBuildFile; fileRef = 5BA755F11F8F31B500D007D7 /* cross.png */; };
		5BA755F51F8F31B500D007D7 /* nought.png in Resources */ = {isa = PBXBuildFile; fileRef = 5BA755F21F8F31B500D007D7 /* nought.png */; };
/* End PBXBuildFile section */

/* Begin PBXFileReference section */
		5BA755DB1F8F318000D007D7 /* 3.JuegoGato.app */ = {isa = PBXFileReference; explicitFileType = wrapper.application; includeInIndex = 0; path = 3.JuegoGato.app; sourceTree = BUILT_PRODUCTS_DIR; };
		5BA755DE1F8F318000D007D7 /* AppDelegate.swift */ = {isa = PBXFileReference; lastKnownFileType = sourcecode.swift; path = AppDelegate.swift; sourceTree = "<group>"; };
		5BA755E01F8F318000D007D7 /* ViewController.swift */ = {isa = PBXFileReference; lastKnownFileType = sourcecode.swift; path = ViewController.swift; sourceTree = "<group>"; };
		5BA755E31F8F318000D007D7 /* Base */ = {isa = PBXFileReference; lastKnownFileType = file.storyboard; name = Base; path = Base.lproj/Main.storyboard; sourceTree = "<group>"; };
		5BA755E51F8F318000D007D7 /* Assets.xcassets */ = {isa = PBXFileReference; lastKnownFileType = folder.assetcatalog; path = Assets.xcassets; sourceTree = "<group>"; };
		5BA755E81F8F318000D007D7 /* Base */ = {isa = PBXFileReference; lastKnownFileType = file.storyboard; name = Base; path = Base.lproj/LaunchScreen.storyboard; sourceTree = "<group>"; };
		5BA755EA1F8F318000D007D7 /* Info.plist */ = {isa = PBXFileReference; lastKnownFileType = text.plist.xml; path = Info.plist; sourceTree = "<group>"; };
		5BA755F01F8F31B500D007D7 /* board.png */ = {isa = PBXFileReference; lastKnownFileType = image.png; name = board.png; path = ../../../../../../Downloads/tictactoeimages/board.png; sourceTree = "<group>"; };
		5BA755F11F8F31B500D007D7 /* cross.png */ = {isa = PBXFileReference; lastKnownFileType = image.png; name = cross.png; path = ../../../../../../Downloads/tictactoeimages/cross.png; sourceTree = "<group>"; };
		5BA755F21F8F31B500D007D7 /* nought.png */ = {isa = PBXFileReference; lastKnownFileType = image.png; name = nought.png; path = ../../../../../../Downloads/tictactoeimages/nought.png; sourceTree = "<group>"; };
/* End PBXFileReference section */

/* Begin PBXFrameworksBuildPhase section */
		5BA755D81F8F318000D007D7 /* Frameworks */ = {
			isa = PBXFrameworksBuildPhase;
			buildActionMask = 2147483647;
			files = (
			);
			runOnlyForDeploymentPostprocessing = 0;
		};
/* End PBXFrameworksBuildPhase section */

/* Begin PBXGroup section */
		5BA755D21F8F318000D007D7 = {
			isa = PBXGroup;
			children = (
				5BA755DD1F8F318000D007D7 /* 3.JuegoGato */,
				5BA755DC1F8F318000D007D7 /* Products */,
			);
			sourceTree = "<group>";
		};
		5BA755DC1F8F318000D007D7 /* Products */ = {
			isa = PBXGroup;
			children = (
				5BA755DB1F8F318000D007D7 /* 3.JuegoGato.app */,
			);
			name = Products;
			sourceTree = "<group>";
		};
		5BA755DD1F8F318000D007D7 /* 3.JuegoGato */ = {
			isa = PBXGroup;
			children = (
				5BA755DE1F8F318000D007D7 /* AppDelegate.swift */,
				5BA755E01F8F318000D007D7 /* ViewController.swift */,
				5BA755E21F8F318000D007D7 /* Main.storyboard */,
				5BA755F01F8F31B500D007D7 /* board.png */,
				5BA755F11F8F31B500D007D7 /* cross.png */,
				5BA755F21F8F31B500D007D7 /* nought.png */,
				5BA755E51F8F318000D007D7 /* Assets.xcassets */,
				5BA755E71F8F318000D007D7 /* LaunchScreen.storyboard */,
				5BA755EA1F8F318000D007D7 /* Info.plist */,
			);
			path = 3.JuegoGato;
			sourceTree = "<group>";
		};
/* End PBXGroup section */

/* Begin PBXNativeTarget section */
		5BA755DA1F8F318000D007D7 /* 3.JuegoGato */ = {
			isa = PBXNativeTarget;
			buildConfigurationList = 5BA755ED1F8F318000D007D7 /* Build configuration list for PBXNativeTarget "3.JuegoGato" */;
			buildPhases = (
				5BA755D71F8F318000D007D7 /* Sources */,
				5BA755D81F8F318000D007D7 /* Frameworks */,
				5BA755D91F8F318000D007D7 /* Resources */,
			);
			buildRules = (
			);
			dependencies = (
			);
			name = 3.JuegoGato;
			productName = 3.JuegoGato;
			productReference = 5BA755DB1F8F318000D007D7 /* 3.JuegoGato.app */;
			productType = "com.apple.product-type.application";
		};
/* End PBXNativeTarget section */

/* Begin PBXProject section */
		5BA755D31F8F318000D007D7 /* Project object */ = {
			isa = PBXProject;
			attributes = {
				LastSwiftUpdateCheck = 0820;
				LastUpgradeCheck = 0820;
				ORGANIZATIONNAME = Proteco;
				TargetAttributes = {
					5BA755DA1F8F318000D007D7 = {
						CreatedOnToolsVersion = 8.2.1;
						ProvisioningStyle = Automatic;
					};
				};
			};
			buildConfigurationList = 5BA755D61F8F318000D007D7 /* Build configuration list for PBXProject "3.JuegoGato" */;
			compatibilityVersion = "Xcode 3.2";
			developmentRegion = English;
			hasScannedForEncodings = 0;
			knownRegions = (
				en,
				Base,
			);
			mainGroup = 5BA755D21F8F318000D007D7;
			productRefGroup = 5BA755DC1F8F318000D007D7 /* Products */;
			projectDirPath = "";
			projectRoot = "";
			targets = (
				5BA755DA1F8F318000D007D7 /* 3.JuegoGato */,
			);
		};
/* End PBXProject section */

/* Begin PBXResourcesBuildPhase section */
		5BA755D91F8F318000D007D7 /* Resources */ = {
			isa = PBXResourcesBuildPhase;
			buildActionMask = 2147483647;
			files = (
				5BA755F41F8F31B500D007D7 /* cross.png in Resources */,
				5BA755F31F8F31B500D007D7 /* board.png in Resources */,
				5BA755F51F8F31B500D007D7 /* nought.png in Resources */,
				5BA755E91F8F318000D007D7 /* LaunchScreen.storyboard in Resources */,
				5BA755E61F8F318000D007D7 /* Assets.xcassets in Resources */,
				5BA755E41F8F318000D007D7 /* Main.storyboard in Resources */,
			);
			runOnlyForDeploymentPostprocessing = 0;
		};
/* End PBXResourcesBuildPhase section */

/* Begin PBXSourcesBuildPhase section */
		5BA755D71F8F318000D007D7 /* Sources */ = {
			isa = PBXSourcesBuildPhase;
			buildActionMask = 2147483647;
			files = (
				5BA755E11F8F318000D007D7 /* ViewController.swift in Sources */,
				5BA755DF1F8F318000D007D7 /* AppDelegate.swift in Sources */,
			);
			runOnlyForDeploymentPostprocessing = 0;
		};
/* End PBXSourcesBuildPhase section */

/* Begin PBXVariantGroup section */
		5BA755E21F8F318000D007D7 /* Main.storyboard */ = {
			isa = PBXVariantGroup;
			children = (
				5BA755E31F8F318000D007D7 /* Base */,
			);
			name = Main.storyboard;
			sourceTree = "<group>";
		};
		5BA755E71F8F318000D007D7 /* LaunchScreen.storyboard */ = {
			isa = PBXVariantGroup;
			children = (
				5BA755E81F8F318000D007D7 /* Base */,
			);
			name = LaunchScreen.storyboard;
			sourceTree = "<group>";
		};
/* End PBXVariantGroup section */

/* Begin XCBuildConfiguration section */
		5BA755EB1F8F318000D007D7 /* Debug */ = {
			isa = XCBuildConfiguration;
			buildSettings = {
				ALWAYS_SEARCH_USER_PATHS = NO;
				CLANG_ANALYZER_NONNULL = YES;
				CLANG_CXX_LANGUAGE_STANDARD = "gnu++0x";
				CLANG_CXX_LIBRARY = "libc++";
				CLANG_ENABLE_MODULES = YES;
				CLANG_ENABLE_OBJC_ARC = YES;
				CLANG_WARN_BOOL_CONVERSION = YES;
				CLANG_WARN_CONSTANT_CONVERSION = YES;
				CLANG_WARN_DIRECT_OBJC_ISA_USAGE = YES_ERROR;
				CLANG_WARN_DOCUMENTATION_COMMENTS = YES;
				CLANG_WARN_EMPTY_BODY = YES;
				CLANG_WARN_ENUM_CONVERSION = YES;
				CLANG_WARN_INFINITE_RECURSION = YES;
				CLANG_WARN_INT_CONVERSION = YES;
				CLANG_WARN_OBJC_ROOT_CLASS = YES_ERROR;
				CLANG_WARN_SUSPICIOUS_MOVE = YES;
				CLANG_WARN_UNREACHABLE_CODE = YES;
				CLANG_WARN__DUPLICATE_METHOD_MATCH = YES;
				"CODE_SIGN_IDENTITY[sdk=iphoneos*]" = "iPhone Developer";
				COPY_PHASE_STRIP = NO;
				DEBUG_INFORMATION_FORMAT = dwarf;
				ENABLE_STRICT_OBJC_MSGSEND = YES;
				ENABLE_TESTABILITY = YES;
				GCC_C_LANGUAGE_STANDARD = gnu99;
				GCC_DYNAMIC_NO_PIC = NO;
				GCC_NO_COMMON_BLOCKS = YES;
				GCC_OPTIMIZATION_LEVEL = 0;
				GCC_PREPROCESSOR_DEFINITIONS = (
					"DEBUG=1",
					"$(inherited)",
				);
				GCC_WARN_64_TO_32_BIT_CONVERSION = YES;
				GCC_WARN_ABOUT_RETURN_TYPE = YES_ERROR;
				GCC_WARN_UNDECLARED_SELECTOR = YES;
				GCC_WARN_UNINITIALIZED_AUTOS = YES_AGGRESSIVE;
				GCC_WARN_UNUSED_FUNCTION = YES;
				GCC_WARN_UNUSED_VARIABLE = YES;
				IPHONEOS_DEPLOYMENT_TARGET = 10.2;
				MTL_ENABLE_DEBUG_INFO = YES;
				ONLY_ACTIVE_ARCH = YES;
				SDKROOT = iphoneos;
				SWIFT_ACTIVE_COMPILATION_CONDITIONS = DEBUG;
				SWIFT_OPTIMIZATION_LEVEL = "-Onone";
			};
			name = Debug;
		};
		5BA755EC1F8F318000D007D7 /* Release */ = {
			isa = XCBuildConfiguration;
			buildSettings = {
				ALWAYS_SEARCH_USER_PATHS = NO;
				CLANG_ANALYZER_NONNULL = YES;
				CLANG_CXX_LANGUAGE_STANDARD = "gnu++0x";
				CLANG_CXX_LIBRARY = "libc++";
				CLANG_ENABLE_MODULES = YES;
				CLANG_ENABLE_OBJC_ARC = YES;
				CLANG_WARN_BOOL_CONVERSION = YES;
				CLANG_WARN_CONSTANT_CONVERSION = YES;
				CLANG_WARN_DIRECT_OBJC_ISA_USAGE = YES_ERROR;
				CLANG_WARN_DOCUMENTATION_COMMENTS = YES;
				CLANG_WARN_EMPTY_BODY = YES;
				CLANG_WARN_ENUM_CONVERSION = YES;
				CLANG_WARN_INFINITE_RECURSION = YES;
				CLANG_WARN_INT_CONVERSION = YES;
				CLANG_WARN_OBJC_ROOT_CLASS = YES_ERROR;
				CLANG_WARN_SUSPICIOUS_MOVE = YES;
				CLANG_WARN_UNREACHABLE_CODE = YES;
				CLANG_WARN__DUPLICATE_METHOD_MATCH = YES;
				"CODE_SIGN_IDENTITY[sdk=iphoneos*]" = "iPhone Developer";
				COPY_PHASE_STRIP = NO;
				DEBUG_INFORMATION_FORMAT = "dwarf-with-dsym";
				ENABLE_NS_ASSERTIONS = NO;
				ENABLE_STRICT_OBJC_MSGSEND = YES;
				GCC_C_LANGUAGE_STANDARD = gnu99;
				GCC_NO_COMMON_BLOCKS = YES;
				GCC_WARN_64_TO_32_BIT_CONVERSION = YES;
				GCC_WARN_ABOUT_RETURN_TYPE = YES_ERROR;
				GCC_WARN_UNDECLARED_SELECTOR = YES;
				GCC_WARN_UNINITIALIZED_AUTOS = YES_AGGRESSIVE;
				GCC_WARN_UNUSED_FUNCTION = YES;
				GCC_WARN_UNUSED_VARIABLE = YES;
				IPHONEOS_DEPLOYMENT_TARGET = 10.2;
				MTL_ENABLE_DEBUG_INFO = NO;
				SDKROOT = iphoneos;
				SWIFT_OPTIMIZATION_LEVEL = "-Owholemodule";
				VALIDATE_PRODUCT = YES;
			};
			name = Release;
		};
		5BA755EE1F8F318000D007D7 /* Debug */ = {
			isa = XCBuildConfiguration;
			buildSettings = {
				ASSETCATALOG_COMPILER_APPICON_NAME = AppIcon;
				INFOPLIST_FILE = 3.JuegoGato/Info.plist;
				LD_RUNPATH_SEARCH_PATHS = "$(inherited) @executable_path/Frameworks";
				PRODUCT_BUNDLE_IDENTIFIER = "mx.proteco.--JuegoGato";
				PRODUCT_NAME = "$(TARGET_NAME)";
				SWIFT_VERSION = 3.0;
			};
			name = Debug;
		};
		5BA755EF1F8F318000D007D7 /* Release */ = {
			isa = XCBuildConfiguration;
			buildSettings = {
				ASSETCATALOG_COMPILER_APPICON_NAME = AppIcon;
				INFOPLIST_FILE = 3.JuegoGato/Info.plist;
				LD_RUNPATH_SEARCH_PATHS = "$(inherited) @executable_path/Frameworks";
				PRODUCT_BUNDLE_IDENTIFIER = "mx.proteco.--JuegoGato";
				PRODUCT_NAME = "$(TARGET_NAME)";
				SWIFT_VERSION = 3.0;
			};
			name = Release;
		};
/* End XCBuildConfiguration section */

/* Begin XCConfigurationList section */
		5BA755D61F8F318000D007D7 /* Build configuration list for PBXProject "3.JuegoGato" */ = {
			isa = XCConfigurationList;
			buildConfigurations = (
				5BA755EB1F8F318000D007D7 /* Debug */,
				5BA755EC1F8F318000D007D7 /* Release */,
			);
			defaultConfigurationIsVisible = 0;
			defaultConfigurationName = Release;
		};
		5BA755ED1F8F318000D007D7 /* Build configuration list for PBXNativeTarget "3.JuegoGato" */ = {
			isa = XCConfigurationList;
			buildConfigurations = (
				5BA755EE1F8F318000D007D7 /* Debug */,
				5BA755EF1F8F318000D007D7 /* Release */,
			);
			defaultConfigurationIsVisible = 0;
		};
/* End XCConfigurationList section */
	};
	rootObject = 5BA755D31F8F318000D007D7 /* Project object */;
}
