// !$*UTF8*$!
{
	archiveVersion = 1;
	classes = {
	};
	objectVersion = 46;
	objects = {

/* Begin PBXBuildFile section */
		5BC3EDC51F7732AB001D66FB /* AppDelegate.swift in Sources */ = {isa = PBXBuildFile; fileRef = 5BC3EDC41F7732AB001D66FB /* AppDelegate.swift */; };
		5BC3EDC71F7732AB001D66FB /* ViewController.swift in Sources */ = {isa = PBXBuildFile; fileRef = 5BC3EDC61F7732AB001D66FB /* ViewController.swift */; };
		5BC3EDCA1F7732AB001D66FB /* Main.storyboard in Resources */ = {isa = PBXBuildFile; fileRef = 5BC3EDC81F7732AB001D66FB /* Main.storyboard */; };
		5BC3EDCC1F7732AB001D66FB /* Assets.xcassets in Resources */ = {isa = PBXBuildFile; fileRef = 5BC3EDCB1F7732AB001D66FB /* Assets.xcassets */; };
		5BC3EDCF1F7732AB001D66FB /* LaunchScreen.storyboard in Resources */ = {isa = PBXBuildFile; fileRef = 5BC3EDCD1F7732AB001D66FB /* LaunchScreen.storyboard */; };
/* End PBXBuildFile section */

/* Begin PBXFileReference section */
		5BC3EDC11F7732AB001D66FB /* Es Primo.app */ = {isa = PBXFileReference; explicitFileType = wrapper.application; includeInIndex = 0; path = "Es Primo.app"; sourceTree = BUILT_PRODUCTS_DIR; };
		5BC3EDC41F7732AB001D66FB /* AppDelegate.swift */ = {isa = PBXFileReference; lastKnownFileType = sourcecode.swift; path = AppDelegate.swift; sourceTree = "<group>"; };
		5BC3EDC61F7732AB001D66FB /* ViewController.swift */ = {isa = PBXFileReference; lastKnownFileType = sourcecode.swift; path = ViewController.swift; sourceTree = "<group>"; };
		5BC3EDC91F7732AB001D66FB /* Base */ = {isa = PBXFileReference; lastKnownFileType = file.storyboard; name = Base; path = Base.lproj/Main.storyboard; sourceTree = "<group>"; };
		5BC3EDCB1F7732AB001D66FB /* Assets.xcassets */ = {isa = PBXFileReference; lastKnownFileType = folder.assetcatalog; path = Assets.xcassets; sourceTree = "<group>"; };
		5BC3EDCE1F7732AB001D66FB /* Base */ = {isa = PBXFileReference; lastKnownFileType = file.storyboard; name = Base; path = Base.lproj/LaunchScreen.storyboard; sourceTree = "<group>"; };
		5BC3EDD01F7732AB001D66FB /* Info.plist */ = {isa = PBXFileReference; lastKnownFileType = text.plist.xml; path = Info.plist; sourceTree = "<group>"; };
/* End PBXFileReference section */

/* Begin PBXFrameworksBuildPhase section */
		5BC3EDBE1F7732AA001D66FB /* Frameworks */ = {
			isa = PBXFrameworksBuildPhase;
			buildActionMask = 2147483647;
			files = (
			);
			runOnlyForDeploymentPostprocessing = 0;
		};
/* End PBXFrameworksBuildPhase section */

/* Begin PBXGroup section */
		5BC3EDB81F7732AA001D66FB = {
			isa = PBXGroup;
			children = (
				5BC3EDC31F7732AB001D66FB /* Es Primo */,
				5BC3EDC21F7732AB001D66FB /* Products */,
			);
			sourceTree = "<group>";
		};
		5BC3EDC21F7732AB001D66FB /* Products */ = {
			isa = PBXGroup;
			children = (
				5BC3EDC11F7732AB001D66FB /* Es Primo.app */,
			);
			name = Products;
			sourceTree = "<group>";
		};
		5BC3EDC31F7732AB001D66FB /* Es Primo */ = {
			isa = PBXGroup;
			children = (
				5BC3EDC41F7732AB001D66FB /* AppDelegate.swift */,
				5BC3EDC61F7732AB001D66FB /* ViewController.swift */,
				5BC3EDC81F7732AB001D66FB /* Main.storyboard */,
				5BC3EDCB1F7732AB001D66FB /* Assets.xcassets */,
				5BC3EDCD1F7732AB001D66FB /* LaunchScreen.storyboard */,
				5BC3EDD01F7732AB001D66FB /* Info.plist */,
			);
			path = "Es Primo";
			sourceTree = "<group>";
		};
/* End PBXGroup section */

/* Begin PBXNativeTarget section */
		5BC3EDC01F7732AA001D66FB /* Es Primo */ = {
			isa = PBXNativeTarget;
			buildConfigurationList = 5BC3EDD31F7732AB001D66FB /* Build configuration list for PBXNativeTarget "Es Primo" */;
			buildPhases = (
				5BC3EDBD1F7732AA001D66FB /* Sources */,
				5BC3EDBE1F7732AA001D66FB /* Frameworks */,
				5BC3EDBF1F7732AA001D66FB /* Resources */,
			);
			buildRules = (
			);
			dependencies = (
			);
			name = "Es Primo";
			productName = "Es Primo";
			productReference = 5BC3EDC11F7732AB001D66FB /* Es Primo.app */;
			productType = "com.apple.product-type.application";
		};
/* End PBXNativeTarget section */

/* Begin PBXProject section */
		5BC3EDB91F7732AA001D66FB /* Project object */ = {
			isa = PBXProject;
			attributes = {
				LastSwiftUpdateCheck = 0820;
				LastUpgradeCheck = 0820;
				ORGANIZATIONNAME = Proteco;
				TargetAttributes = {
					5BC3EDC01F7732AA001D66FB = {
						CreatedOnToolsVersion = 8.2.1;
						ProvisioningStyle = Automatic;
					};
				};
			};
			buildConfigurationList = 5BC3EDBC1F7732AA001D66FB /* Build configuration list for PBXProject "Es Primo" */;
			compatibilityVersion = "Xcode 3.2";
			developmentRegion = English;
			hasScannedForEncodings = 0;
			knownRegions = (
				en,
				Base,
			);
			mainGroup = 5BC3EDB81F7732AA001D66FB;
			productRefGroup = 5BC3EDC21F7732AB001D66FB /* Products */;
			projectDirPath = "";
			projectRoot = "";
			targets = (
				5BC3EDC01F7732AA001D66FB /* Es Primo */,
			);
		};
/* End PBXProject section */

/* Begin PBXResourcesBuildPhase section */
		5BC3EDBF1F7732AA001D66FB /* Resources */ = {
			isa = PBXResourcesBuildPhase;
			buildActionMask = 2147483647;
			files = (
				5BC3EDCF1F7732AB001D66FB /* LaunchScreen.storyboard in Resources */,
				5BC3EDCC1F7732AB001D66FB /* Assets.xcassets in Resources */,
				5BC3EDCA1F7732AB001D66FB /* Main.storyboard in Resources */,
			);
			runOnlyForDeploymentPostprocessing = 0;
		};
/* End PBXResourcesBuildPhase section */

/* Begin PBXSourcesBuildPhase section */
		5BC3EDBD1F7732AA001D66FB /* Sources */ = {
			isa = PBXSourcesBuildPhase;
			buildActionMask = 2147483647;
			files = (
				5BC3EDC71F7732AB001D66FB /* ViewController.swift in Sources */,
				5BC3EDC51F7732AB001D66FB /* AppDelegate.swift in Sources */,
			);
			runOnlyForDeploymentPostprocessing = 0;
		};
/* End PBXSourcesBuildPhase section */

/* Begin PBXVariantGroup section */
		5BC3EDC81F7732AB001D66FB /* Main.storyboard */ = {
			isa = PBXVariantGroup;
			children = (
				5BC3EDC91F7732AB001D66FB /* Base */,
			);
			name = Main.storyboard;
			sourceTree = "<group>";
		};
		5BC3EDCD1F7732AB001D66FB /* LaunchScreen.storyboard */ = {
			isa = PBXVariantGroup;
			children = (
				5BC3EDCE1F7732AB001D66FB /* Base */,
			);
			name = LaunchScreen.storyboard;
			sourceTree = "<group>";
		};
/* End PBXVariantGroup section */

/* Begin XCBuildConfiguration section */
		5BC3EDD11F7732AB001D66FB /* Debug */ = {
			isa = XCBuildConfiguration;
			buildSettings = {
				ALWAYS_SEARCH_USER_PATHS = NO;
				CLANG_ANALYZER_NONNULL = YES;
				CLANG_CXX_LANGUAGE_STANDARD = "gnu++0x";
				CLANG_CXX_LIBRARY = "libc++";
				CLANG_ENABLE_MODULES = YES;
				CLANG_ENABLE_OBJC_ARC = YES;
				CLANG_WARN_BOOL_CONVERSION = YES;
				CLANG_WARN_CONSTANT_CONVERSION = YES;
				CLANG_WARN_DIRECT_OBJC_ISA_USAGE = YES_ERROR;
				CLANG_WARN_DOCUMENTATION_COMMENTS = YES;
				CLANG_WARN_EMPTY_BODY = YES;
				CLANG_WARN_ENUM_CONVERSION = YES;
				CLANG_WARN_INFINITE_RECURSION = YES;
				CLANG_WARN_INT_CONVERSION = YES;
				CLANG_WARN_OBJC_ROOT_CLASS = YES_ERROR;
				CLANG_WARN_SUSPICIOUS_MOVE = YES;
				CLANG_WARN_UNREACHABLE_CODE = YES;
				CLANG_WARN__DUPLICATE_METHOD_MATCH = YES;
				"CODE_SIGN_IDENTITY[sdk=iphoneos*]" = "iPhone Developer";
				COPY_PHASE_STRIP = NO;
				DEBUG_INFORMATION_FORMAT = dwarf;
				ENABLE_STRICT_OBJC_MSGSEND = YES;
				ENABLE_TESTABILITY = YES;
				GCC_C_LANGUAGE_STANDARD = gnu99;
				GCC_DYNAMIC_NO_PIC = NO;
				GCC_NO_COMMON_BLOCKS = YES;
				GCC_OPTIMIZATION_LEVEL = 0;
				GCC_PREPROCESSOR_DEFINITIONS = (
					"DEBUG=1",
					"$(inherited)",
				);
				GCC_WARN_64_TO_32_BIT_CONVERSION = YES;
				GCC_WARN_ABOUT_RETURN_TYPE = YES_ERROR;
				GCC_WARN_UNDECLARED_SELECTOR = YES;
				GCC_WARN_UNINITIALIZED_AUTOS = YES_AGGRESSIVE;
				GCC_WARN_UNUSED_FUNCTION = YES;
				GCC_WARN_UNUSED_VARIABLE = YES;
				IPHONEOS_DEPLOYMENT_TARGET = 10.2;
				MTL_ENABLE_DEBUG_INFO = YES;
				ONLY_ACTIVE_ARCH = YES;
				SDKROOT = iphoneos;
				SWIFT_ACTIVE_COMPILATION_CONDITIONS = DEBUG;
				SWIFT_OPTIMIZATION_LEVEL = "-Onone";
			};
			name = Debug;
		};
		5BC3EDD21F7732AB001D66FB /* Release */ = {
			isa = XCBuildConfiguration;
			buildSettings = {
				ALWAYS_SEARCH_USER_PATHS = NO;
				CLANG_ANALYZER_NONNULL = YES;
				CLANG_CXX_LANGUAGE_STANDARD = "gnu++0x";
				CLANG_CXX_LIBRARY = "libc++";
				CLANG_ENABLE_MODULES = YES;
				CLANG_ENABLE_OBJC_ARC = YES;
				CLANG_WARN_BOOL_CONVERSION = YES;
				CLANG_WARN_CONSTANT_CONVERSION = YES;
				CLANG_WARN_DIRECT_OBJC_ISA_USAGE = YES_ERROR;
				CLANG_WARN_DOCUMENTATION_COMMENTS = YES;
				CLANG_WARN_EMPTY_BODY = YES;
				CLANG_WARN_ENUM_CONVERSION = YES;
				CLANG_WARN_INFINITE_RECURSION = YES;
				CLANG_WARN_INT_CONVERSION = YES;
				CLANG_WARN_OBJC_ROOT_CLASS = YES_ERROR;
				CLANG_WARN_SUSPICIOUS_MOVE = YES;
				CLANG_WARN_UNREACHABLE_CODE = YES;
				CLANG_WARN__DUPLICATE_METHOD_MATCH = YES;
				"CODE_SIGN_IDENTITY[sdk=iphoneos*]" = "iPhone Developer";
				COPY_PHASE_STRIP = NO;
				DEBUG_INFORMATION_FORMAT = "dwarf-with-dsym";
				ENABLE_NS_ASSERTIONS = NO;
				ENABLE_STRICT_OBJC_MSGSEND = YES;
				GCC_C_LANGUAGE_STANDARD = gnu99;
				GCC_NO_COMMON_BLOCKS = YES;
				GCC_WARN_64_TO_32_BIT_CONVERSION = YES;
				GCC_WARN_ABOUT_RETURN_TYPE = YES_ERROR;
				GCC_WARN_UNDECLARED_SELECTOR = YES;
				GCC_WARN_UNINITIALIZED_AUTOS = YES_AGGRESSIVE;
				GCC_WARN_UNUSED_FUNCTION = YES;
				GCC_WARN_UNUSED_VARIABLE = YES;
				IPHONEOS_DEPLOYMENT_TARGET = 10.2;
				MTL_ENABLE_DEBUG_INFO = NO;
				SDKROOT = iphoneos;
				SWIFT_OPTIMIZATION_LEVEL = "-Owholemodule";
				VALIDATE_PRODUCT = YES;
			};
			name = Release;
		};
		5BC3EDD41F7732AB001D66FB /* Debug */ = {
			isa = XCBuildConfiguration;
			buildSettings = {
				ASSETCATALOG_COMPILER_APPICON_NAME = AppIcon;
				INFOPLIST_FILE = "Es Primo/Info.plist";
				LD_RUNPATH_SEARCH_PATHS = "$(inherited) @executable_path/Frameworks";
				PRODUCT_BUNDLE_IDENTIFIER = "mx.proteco.Es-Primo";
				PRODUCT_NAME = "$(TARGET_NAME)";
				SWIFT_VERSION = 3.0;
			};
			name = Debug;
		};
		5BC3EDD51F7732AB001D66FB /* Release */ = {
			isa = XCBuildConfiguration;
			buildSettings = {
				ASSETCATALOG_COMPILER_APPICON_NAME = AppIcon;
				INFOPLIST_FILE = "Es Primo/Info.plist";
				LD_RUNPATH_SEARCH_PATHS = "$(inherited) @executable_path/Frameworks";
				PRODUCT_BUNDLE_IDENTIFIER = "mx.proteco.Es-Primo";
				PRODUCT_NAME = "$(TARGET_NAME)";
				SWIFT_VERSION = 3.0;
			};
			name = Release;
		};
/* End XCBuildConfiguration section */

/* Begin XCConfigurationList section */
		5BC3EDBC1F7732AA001D66FB /* Build configuration list for PBXProject "Es Primo" */ = {
			isa = XCConfigurationList;
			buildConfigurations = (
				5BC3EDD11F7732AB001D66FB /* Debug */,
				5BC3EDD21F7732AB001D66FB /* Release */,
			);
			defaultConfigurationIsVisible = 0;
			defaultConfigurationName = Release;
		};
		5BC3EDD31F7732AB001D66FB /* Build configuration list for PBXNativeTarget "Es Primo" */ = {
			isa = XCConfigurationList;
			buildConfigurations = (
				5BC3EDD41F7732AB001D66FB /* Debug */,
				5BC3EDD51F7732AB001D66FB /* Release */,
			);
			defaultConfigurationIsVisible = 0;
		};
/* End XCConfigurationList section */
	};
	rootObject = 5BC3EDB91F7732AA001D66FB /* Project object */;
}
