// !$*UTF8*$!
{
	archiveVersion = 1;
	classes = {
	};
	objectVersion = 46;
	objects = {

/* Begin PBXBuildFile section */
		C8FDBF3A1D352C9C00D0F14B /* AppDelegate.swift in Sources */ = {isa = PBXBuildFile; fileRef = C8FDBF391D352C9C00D0F14B /* AppDelegate.swift */; };
		C8FDBF3C1D352C9C00D0F14B /* ViewController.swift in Sources */ = {isa = PBXBuildFile; fileRef = C8FDBF3B1D352C9C00D0F14B /* ViewController.swift */; };
		C8FDBF3F1D352C9C00D0F14B /* Main.storyboard in Resources */ = {isa = PBXBuildFile; fileRef = C8FDBF3D1D352C9C00D0F14B /* Main.storyboard */; };
		C8FDBF411D352C9C00D0F14B /* Assets.xcassets in Resources */ = {isa = PBXBuildFile; fileRef = C8FDBF401D352C9C00D0F14B /* Assets.xcassets */; };
		C8FDBF441D352C9C00D0F14B /* LaunchScreen.storyboard in Resources */ = {isa = PBXBuildFile; fileRef = C8FDBF421D352C9C00D0F14B /* LaunchScreen.storyboard */; };
/* End PBXBuildFile section */

/* Begin PBXFileReference section */
		C8FDBF361D352C9C00D0F14B /* How Many Fingers.app */ = {isa = PBXFileReference; explicitFileType = wrapper.application; includeInIndex = 0; path = "How Many Fingers.app"; sourceTree = BUILT_PRODUCTS_DIR; };
		C8FDBF391D352C9C00D0F14B /* AppDelegate.swift */ = {isa = PBXFileReference; lastKnownFileType = sourcecode.swift; path = AppDelegate.swift; sourceTree = "<group>"; };
		C8FDBF3B1D352C9C00D0F14B /* ViewController.swift */ = {isa = PBXFileReference; lastKnownFileType = sourcecode.swift; path = ViewController.swift; sourceTree = "<group>"; };
		C8FDBF3E1D352C9C00D0F14B /* Base */ = {isa = PBXFileReference; lastKnownFileType = file.storyboard; name = Base; path = Base.lproj/Main.storyboard; sourceTree = "<group>"; };
		C8FDBF401D352C9C00D0F14B /* Assets.xcassets */ = {isa = PBXFileReference; lastKnownFileType = folder.assetcatalog; path = Assets.xcassets; sourceTree = "<group>"; };
		C8FDBF431D352C9C00D0F14B /* Base */ = {isa = PBXFileReference; lastKnownFileType = file.storyboard; name = Base; path = Base.lproj/LaunchScreen.storyboard; sourceTree = "<group>"; };
		C8FDBF451D352C9C00D0F14B /* Info.plist */ = {isa = PBXFileReference; lastKnownFileType = text.plist.xml; path = Info.plist; sourceTree = "<group>"; };
/* End PBXFileReference section */

/* Begin PBXFrameworksBuildPhase section */
		C8FDBF331D352C9B00D0F14B /* Frameworks */ = {
			isa = PBXFrameworksBuildPhase;
			buildActionMask = 2147483647;
			files = (
			);
			runOnlyForDeploymentPostprocessing = 0;
		};
/* End PBXFrameworksBuildPhase section */

/* Begin PBXGroup section */
		C8FDBF2D1D352C9B00D0F14B = {
			isa = PBXGroup;
			children = (
				C8FDBF381D352C9C00D0F14B /* How Many Fingers */,
				C8FDBF371D352C9C00D0F14B /* Products */,
			);
			sourceTree = "<group>";
		};
		C8FDBF371D352C9C00D0F14B /* Products */ = {
			isa = PBXGroup;
			children = (
				C8FDBF361D352C9C00D0F14B /* How Many Fingers.app */,
			);
			name = Products;
			sourceTree = "<group>";
		};
		C8FDBF381D352C9C00D0F14B /* How Many Fingers */ = {
			isa = PBXGroup;
			children = (
				C8FDBF391D352C9C00D0F14B /* AppDelegate.swift */,
				C8FDBF3B1D352C9C00D0F14B /* ViewController.swift */,
				C8FDBF3D1D352C9C00D0F14B /* Main.storyboard */,
				C8FDBF401D352C9C00D0F14B /* Assets.xcassets */,
				C8FDBF421D352C9C00D0F14B /* LaunchScreen.storyboard */,
				C8FDBF451D352C9C00D0F14B /* Info.plist */,
			);
			path = "How Many Fingers";
			sourceTree = "<group>";
		};
/* End PBXGroup section */

/* Begin PBXNativeTarget section */
		C8FDBF351D352C9B00D0F14B /* How Many Fingers */ = {
			isa = PBXNativeTarget;
			buildConfigurationList = C8FDBF481D352C9C00D0F14B /* Build configuration list for PBXNativeTarget "How Many Fingers" */;
			buildPhases = (
				C8FDBF321D352C9B00D0F14B /* Sources */,
				C8FDBF331D352C9B00D0F14B /* Frameworks */,
				C8FDBF341D352C9B00D0F14B /* Resources */,
			);
			buildRules = (
			);
			dependencies = (
			);
			name = "How Many Fingers";
			productName = "How Many Fingers";
			productReference = C8FDBF361D352C9C00D0F14B /* How Many Fingers.app */;
			productType = "com.apple.product-type.application";
		};
/* End PBXNativeTarget section */

/* Begin PBXProject section */
		C8FDBF2E1D352C9B00D0F14B /* Project object */ = {
			isa = PBXProject;
			attributes = {
				LastSwiftUpdateCheck = 0800;
				LastUpgradeCheck = 0800;
				ORGANIZATIONNAME = Appfish;
				TargetAttributes = {
					C8FDBF351D352C9B00D0F14B = {
						CreatedOnToolsVersion = 8.0;
						DevelopmentTeam = L743AR3W6T;
						DevelopmentTeamName = AppFish;
						ProvisioningStyle = Automatic;
					};
				};
			};
			buildConfigurationList = C8FDBF311D352C9B00D0F14B /* Build configuration list for PBXProject "How Many Fingers" */;
			compatibilityVersion = "Xcode 3.2";
			developmentRegion = English;
			hasScannedForEncodings = 0;
			knownRegions = (
				en,
				Base,
			);
			mainGroup = C8FDBF2D1D352C9B00D0F14B;
			productRefGroup = C8FDBF371D352C9C00D0F14B /* Products */;
			projectDirPath = "";
			projectRoot = "";
			targets = (
				C8FDBF351D352C9B00D0F14B /* How Many Fingers */,
			);
		};
/* End PBXProject section */

/* Begin PBXResourcesBuildPhase section */
		C8FDBF341D352C9B00D0F14B /* Resources */ = {
			isa = PBXResourcesBuildPhase;
			buildActionMask = 2147483647;
			files = (
				C8FDBF441D352C9C00D0F14B /* LaunchScreen.storyboard in Resources */,
				C8FDBF411D352C9C00D0F14B /* Assets.xcassets in Resources */,
				C8FDBF3F1D352C9C00D0F14B /* Main.storyboard in Resources */,
			);
			runOnlyForDeploymentPostprocessing = 0;
		};
/* End PBXResourcesBuildPhase section */

/* Begin PBXSourcesBuildPhase section */
		C8FDBF321D352C9B00D0F14B /* Sources */ = {
			isa = PBXSourcesBuildPhase;
			buildActionMask = 2147483647;
			files = (
				C8FDBF3C1D352C9C00D0F14B /* ViewController.swift in Sources */,
				C8FDBF3A1D352C9C00D0F14B /* AppDelegate.swift in Sources */,
			);
			runOnlyForDeploymentPostprocessing = 0;
		};
/* End PBXSourcesBuildPhase section */

/* Begin PBXVariantGroup section */
		C8FDBF3D1D352C9C00D0F14B /* Main.storyboard */ = {
			isa = PBXVariantGroup;
			children = (
				C8FDBF3E1D352C9C00D0F14B /* Base */,
			);
			name = Main.storyboard;
			sourceTree = "<group>";
		};
		C8FDBF421D352C9C00D0F14B /* LaunchScreen.storyboard */ = {
			isa = PBXVariantGroup;
			children = (
				C8FDBF431D352C9C00D0F14B /* Base */,
			);
			name = LaunchScreen.storyboard;
			sourceTree = "<group>";
		};
/* End PBXVariantGroup section */

/* Begin XCBuildConfiguration section */
		C8FDBF461D352C9C00D0F14B /* Debug */ = {
			isa = XCBuildConfiguration;
			buildSettings = {
				ALWAYS_SEARCH_USER_PATHS = NO;
				CLANG_ANALYZER_NONNULL = YES;
				CLANG_CXX_LANGUAGE_STANDARD = "gnu++0x";
				CLANG_CXX_LIBRARY = "libc++";
				CLANG_ENABLE_MODULES = YES;
				CLANG_ENABLE_OBJC_ARC = YES;
				CLANG_WARN_BOOL_CONVERSION = YES;
				CLANG_WARN_CONSTANT_CONVERSION = YES;
				CLANG_WARN_DIRECT_OBJC_ISA_USAGE = YES_ERROR;
				CLANG_WARN_DOCUMENTATION_COMMENTS = YES;
				CLANG_WARN_EMPTY_BODY = YES;
				CLANG_WARN_ENUM_CONVERSION = YES;
				CLANG_WARN_INT_CONVERSION = YES;
				CLANG_WARN_OBJC_ROOT_CLASS = YES_ERROR;
				CLANG_WARN_UNREACHABLE_CODE = YES;
				CLANG_WARN__DUPLICATE_METHOD_MATCH = YES;
				"CODE_SIGN_IDENTITY[sdk=iphoneos*]" = "iPhone Developer";
				COPY_PHASE_STRIP = NO;
				DEBUG_INFORMATION_FORMAT = dwarf;
				ENABLE_STRICT_OBJC_MSGSEND = YES;
				ENABLE_TESTABILITY = YES;
				GCC_C_LANGUAGE_STANDARD = gnu99;
				GCC_DYNAMIC_NO_PIC = NO;
				GCC_NO_COMMON_BLOCKS = YES;
				GCC_OPTIMIZATION_LEVEL = 0;
				GCC_PREPROCESSOR_DEFINITIONS = (
					"DEBUG=1",
					"$(inherited)",
				);
				GCC_WARN_64_TO_32_BIT_CONVERSION = YES;
				GCC_WARN_ABOUT_RETURN_TYPE = YES_ERROR;
				GCC_WARN_UNDECLARED_SELECTOR = YES;
				GCC_WARN_UNINITIALIZED_AUTOS = YES_AGGRESSIVE;
				GCC_WARN_UNUSED_FUNCTION = YES;
				GCC_WARN_UNUSED_VARIABLE = YES;
				IPHONEOS_DEPLOYMENT_TARGET = 10.0;
				MTL_ENABLE_DEBUG_INFO = YES;
				ONLY_ACTIVE_ARCH = YES;
				SDKROOT = iphoneos;
				SWIFT_ACTIVE_COMPILATION_CONDITIONS = DEBUG;
				SWIFT_OPTIMIZATION_LEVEL = "-Onone";
			};
			name = Debug;
		};
		C8FDBF471D352C9C00D0F14B /* Release */ = {
			isa = XCBuildConfiguration;
			buildSettings = {
				ALWAYS_SEARCH_USER_PATHS = NO;
				CLANG_ANALYZER_NONNULL = YES;
				CLANG_CXX_LANGUAGE_STANDARD = "gnu++0x";
				CLANG_CXX_LIBRARY = "libc++";
				CLANG_ENABLE_MODULES = YES;
				CLANG_ENABLE_OBJC_ARC = YES;
				CLANG_WARN_BOOL_CONVERSION = YES;
				CLANG_WARN_CONSTANT_CONVERSION = YES;
				CLANG_WARN_DIRECT_OBJC_ISA_USAGE = YES_ERROR;
				CLANG_WARN_DOCUMENTATION_COMMENTS = YES;
				CLANG_WARN_EMPTY_BODY = YES;
				CLANG_WARN_ENUM_CONVERSION = YES;
				CLANG_WARN_INT_CONVERSION = YES;
				CLANG_WARN_OBJC_ROOT_CLASS = YES_ERROR;
				CLANG_WARN_UNREACHABLE_CODE = YES;
				CLANG_WARN__DUPLICATE_METHOD_MATCH = YES;
				"CODE_SIGN_IDENTITY[sdk=iphoneos*]" = "iPhone Developer";
				COPY_PHASE_STRIP = NO;
				DEBUG_INFORMATION_FORMAT = "dwarf-with-dsym";
				ENABLE_NS_ASSERTIONS = NO;
				ENABLE_STRICT_OBJC_MSGSEND = YES;
				GCC_C_LANGUAGE_STANDARD = gnu99;
				GCC_NO_COMMON_BLOCKS = YES;
				GCC_WARN_64_TO_32_BIT_CONVERSION = YES;
				GCC_WARN_ABOUT_RETURN_TYPE = YES_ERROR;
				GCC_WARN_UNDECLARED_SELECTOR = YES;
				GCC_WARN_UNINITIALIZED_AUTOS = YES_AGGRESSIVE;
				GCC_WARN_UNUSED_FUNCTION = YES;
				GCC_WARN_UNUSED_VARIABLE = YES;
				IPHONEOS_DEPLOYMENT_TARGET = 10.0;
				MTL_ENABLE_DEBUG_INFO = NO;
				SDKROOT = iphoneos;
				SWIFT_OPTIMIZATION_LEVEL = "-Owholemodule";
				VALIDATE_PRODUCT = YES;
			};
			name = Release;
		};
		C8FDBF491D352C9C00D0F14B /* Debug */ = {
			isa = XCBuildConfiguration;
			buildSettings = {
				ASSETCATALOG_COMPILER_APPICON_NAME = AppIcon;
				INFOPLIST_FILE = "How Many Fingers/Info.plist";
				LD_RUNPATH_SEARCH_PATHS = "$(inherited) @executable_path/Frameworks";
				PRODUCT_BUNDLE_IDENTIFIER = "com.appfish.How-Many-Fingers";
				PRODUCT_NAME = "$(TARGET_NAME)";
				SWIFT_VERSION = 3.0;
			};
			name = Debug;
		};
		C8FDBF4A1D352C9C00D0F14B /* Release */ = {
			isa = XCBuildConfiguration;
			buildSettings = {
				ASSETCATALOG_COMPILER_APPICON_NAME = AppIcon;
				INFOPLIST_FILE = "How Many Fingers/Info.plist";
				LD_RUNPATH_SEARCH_PATHS = "$(inherited) @executable_path/Frameworks";
				PRODUCT_BUNDLE_IDENTIFIER = "com.appfish.How-Many-Fingers";
				PRODUCT_NAME = "$(TARGET_NAME)";
				SWIFT_VERSION = 3.0;
			};
			name = Release;
		};
/* End XCBuildConfiguration section */

/* Begin XCConfigurationList section */
		C8FDBF311D352C9B00D0F14B /* Build configuration list for PBXProject "How Many Fingers" */ = {
			isa = XCConfigurationList;
			buildConfigurations = (
				C8FDBF461D352C9C00D0F14B /* Debug */,
				C8FDBF471D352C9C00D0F14B /* Release */,
			);
			defaultConfigurationIsVisible = 0;
			defaultConfigurationName = Release;
		};
		C8FDBF481D352C9C00D0F14B /* Build configuration list for PBXNativeTarget "How Many Fingers" */ = {
			isa = XCConfigurationList;
			buildConfigurations = (
				C8FDBF491D352C9C00D0F14B /* Debug */,
				C8FDBF4A1D352C9C00D0F14B /* Release */,
			);
			defaultConfigurationIsVisible = 0;
		};
/* End XCConfigurationList section */
	};
	rootObject = C8FDBF2E1D352C9B00D0F14B /* Project object */;
}
